
Microsoft Visual Studio Solution File, Format Version 12.00
# Visual Studio Version 16
VisualStudioVersion = 16.0.30204.135
MinimumVisualStudioVersion = 10.0.40219.1
Project("{9A19103F-16F7-4668-BE54-9A1E7A4F7556}") = "meally-api", "meally-api.csproj", "{4A4C719E-1024-4ECD-B554-A4448885922D}"
EndProject
Global
	GlobalSection(SolutionConfigurationPlatforms) = preSolution
		Debug|Any CPU = Debug|Any CPU
		Release|Any CPU = Release|Any CPU
	EndGlobalSection
	GlobalSection(ProjectConfigurationPlatforms) = postSolution
		{4A4C719E-1024-4ECD-B554-A4448885922D}.Debug|Any CPU.ActiveCfg = Debug|Any CPU
		{4A4C719E-1024-4ECD-B554-A4448885922D}.Debug|Any CPU.Build.0 = Debug|Any CPU
		{4A4C719E-1024-4ECD-B554-A4448885922D}.Release|Any CPU.ActiveCfg = Release|Any CPU
		{4A4C719E-1024-4ECD-B554-A4448885922D}.Release|Any CPU.Build.0 = Release|Any CPU
	EndGlobalSection
	GlobalSection(SolutionProperties) = preSolution
		HideSolutionNode = FALSE
	EndGlobalSection
	GlobalSection(ExtensibilityGlobals) = postSolution
		SolutionGuid = {A1FDC40D-A0E7-4A3E-A2E5-DC3B816C8C7B}
	EndGlobalSection
EndGlobal
